
Microsoft Visual Studio Solution File, Format Version 12.00
# Visual Studio Version 17
VisualStudioVersion = 17.5.33627.172
MinimumVisualStudioVersion = 10.0.40219.1
Project("{9A19103F-16F7-4668-BE54-9A1E7A4F7556}") = "API", "API\API.csproj", "{AD25359F-23DB-448D-9C76-159A1CB7F533}"
EndProject
Global
	GlobalSection(SolutionConfigurationPlatforms) = preSolution
		Debug|Any CPU = Debug|Any CPU
		Release|Any CPU = Release|Any CPU
	EndGlobalSection
	GlobalSection(ProjectConfigurationPlatforms) = postSolution
		{AD25359F-23DB-448D-9C76-159A1CB7F533}.Debug|Any CPU.ActiveCfg = Debug|Any CPU
		{AD25359F-23DB-448D-9C76-159A1CB7F533}.Debug|Any CPU.Build.0 = Debug|Any CPU
		{AD25359F-23DB-448D-9C76-159A1CB7F533}.Release|Any CPU.ActiveCfg = Release|Any CPU
		{AD25359F-23DB-448D-9C76-159A1CB7F533}.Release|Any CPU.Build.0 = Release|Any CPU
	EndGlobalSection
	GlobalSection(SolutionProperties) = preSolution
		HideSolutionNode = FALSE
	EndGlobalSection
	GlobalSection(ExtensibilityGlobals) = postSolution
		SolutionGuid = {EEA6570D-EEE8-4016-8567-53FB3B74A4DE}
	EndGlobalSection
EndGlobal
